Microsoft Visual Studio Solution File, Format Version 12.00
# Visual Studio Version 17
VisualStudioVersion = 17.9.34518.117
MinimumVisualStudioVersion = 10.0.40219.1
Project("{9A19103F-16F7-4668-BE54-9A1E7A4F7556}") = "Microsoft.Greenlight.ServiceDefaults", "Microsoft.Greenlight.ServiceDefaults\Microsoft.Greenlight.ServiceDefaults.csproj", "{1E893C01-30A6-4507-B6A2-C058FB1AB650}"
EndProject
Project("{2150E333-8FDC-42A3-9474-1A3956D46DE8}") = "0. Aspire Infrastructure", "0. Aspire Infrastructure", "{D4460E03-6678-477D-B13C-7870EDD82671}"
EndProject
Project("{2150E333-8FDC-42A3-9474-1A3956D46DE8}") = "00. Misc", "00. Misc", "{0CED2165-8D86-45D8-8D0D-359FB0D0AC32}"
	ProjectSection(SolutionItems) = preProject
		.gitignore = .gitignore
		NuGet.config = NuGet.config
	EndProjectSection
EndProject
Project("{2150E333-8FDC-42A3-9474-1A3956D46DE8}") = "1. Frontends", "1. Frontends", "{F7F3832D-1C01-4B76-A055-072964D03A2B}"
EndProject
Project("{2150E333-8FDC-42A3-9474-1A3956D46DE8}") = "2. Backends", "2. Backends", "{FF5008BD-2970-41F9-8F1E-61F2DEC9AED5}"
EndProject
Project("{2150E333-8FDC-42A3-9474-1A3956D46DE8}") = "3. Plugins", "3. Plugins", "{7EABCC9F-BAB5-4394-8B76-433A33055F59}"
EndProject
Project("{2150E333-8FDC-42A3-9474-1A3956D46DE8}") = "4. Document Processes", "4. Document Processes", "{24DA4DEF-D3AD-4D2B-8526-513082EBB3DF}"
	ProjectSection(SolutionItems) = preProject
		Microsoft.Greenlight.Worker.DocumentIngestion\Consumers\ReindexAllCompletedDocumentsConsumer.cs = Microsoft.Greenlight.Worker.DocumentIngestion\Consumers\ReindexAllCompletedDocumentsConsumer.cs
	EndProjectSection
EndProject
Project("{9A19103F-16F7-4668-BE54-9A1E7A4F7556}") = "Microsoft.Greenlight.DocumentProcess.Shared", "Microsoft.Greenlight.DocumentProcess.Shared\Microsoft.Greenlight.DocumentProcess.Shared.csproj", "{7985819A-B9E5-4324-9F21-C8E45DD1245C}"
EndProject
Project("{2150E333-8FDC-42A3-9474-1A3956D46DE8}") = "8. Shared", "8. Shared", "{D7FBA9F4-51F7-4DEA-B08C-1CB6E379010B}"
EndProject
Project("{9A19103F-16F7-4668-BE54-9A1E7A4F7556}") = "Microsoft.Greenlight.Shared", "Microsoft.Greenlight.Shared\Microsoft.Greenlight.Shared.csproj", "{6ABC1579-1F9D-45A3-B361-09E9E159B35E}"
EndProject
Project("{9A19103F-16F7-4668-BE54-9A1E7A4F7556}") = "Microsoft.Greenlight.API.Main", "Microsoft.Greenlight.API.Main\Microsoft.Greenlight.API.Main.csproj", "{53647382-2946-4094-8707-B481C0196095}"
EndProject
Project("{9A19103F-16F7-4668-BE54-9A1E7A4F7556}") = "Microsoft.Greenlight.Worker.DocumentGeneration", "Microsoft.Greenlight.Worker.DocumentGeneration\Microsoft.Greenlight.Worker.DocumentGeneration.csproj", "{80B084E5-C64C-473E-827C-C0FB7DA97895}"
EndProject
Project("{9A19103F-16F7-4668-BE54-9A1E7A4F7556}") = "Microsoft.Greenlight.Web.Shared", "Microsoft.Greenlight.Web.Shared\Microsoft.Greenlight.Web.Shared.csproj", "{70F30D48-204C-45AE-B39A-C39A910FF68A}"
EndProject
Project("{9A19103F-16F7-4668-BE54-9A1E7A4F7556}") = "Microsoft.Greenlight.Web.DocGen", "Microsoft.Greenlight.Web.DocGen\Microsoft.Greenlight.Web.DocGen.csproj", "{5FB3C7FE-6B5B-4A1F-969D-237390F06B38}"
EndProject
Project("{9A19103F-16F7-4668-BE54-9A1E7A4F7556}") = "Microsoft.Greenlight.Worker.DocumentIngestion", "Microsoft.Greenlight.Worker.DocumentIngestion\Microsoft.Greenlight.Worker.DocumentIngestion.csproj", "{AAB9E058-6E73-44BF-8FFC-B09696BADF2A}"
EndProject
Project("{9A19103F-16F7-4668-BE54-9A1E7A4F7556}") = "Microsoft.Greenlight.Worker.Scheduler", "Microsoft.Greenlight.Worker.Scheduler\Microsoft.Greenlight.Worker.Scheduler.csproj", "{1F5351C6-8E57-43B0-AB6D-999DECF395BD}"
EndProject
Project("{9A19103F-16F7-4668-BE54-9A1E7A4F7556}") = "Microsoft.Greenlight.Plugins.Default", "Plugins\Microsoft.Greenlight.Plugins.Default\Microsoft.Greenlight.Plugins.Default.csproj", "{FBBD830F-295A-431A-A767-3E5C0CAAC96A}"
EndProject
Project("{9A19103F-16F7-4668-BE54-9A1E7A4F7556}") = "Microsoft.Greenlight.AppHost", "Microsoft.Greenlight.AppHost\Microsoft.Greenlight.AppHost.csproj", "{1D9ED487-BC1C-4E99-BB68-D11D0154501F}"
EndProject
Project("{9A19103F-16F7-4668-BE54-9A1E7A4F7556}") = "Microsoft.Greenlight.Worker.Chat", "Microsoft.Greenlight.Worker.Chat\Microsoft.Greenlight.Worker.Chat.csproj", "{D92C05E8-F943-4A4A-BEC9-C8707C203904}"
EndProject
Project("{9A19103F-16F7-4668-BE54-9A1E7A4F7556}") = "Microsoft.Greenlight.DocumentProcess.Belgium.NuclearLicensing.DSAR", "Microsoft.Greenlight.DocumentProcess.Belgium.NuclearLicensing.DSAR\Microsoft.Greenlight.DocumentProcess.Belgium.NuclearLicensing.DSAR.csproj", "{4658FD31-7C29-4CAB-83D0-E1BE4F52E8B3}"
EndProject
Project("{2150E333-8FDC-42A3-9474-1A3956D46DE8}") = "UI Assemblies", "UI Assemblies", "{EA6467CC-7141-4DF4-A64B-B570D12CC9A9}"
EndProject
Project("{9A19103F-16F7-4668-BE54-9A1E7A4F7556}") = "Microsoft.Greenlight.UI.US.NuclearLicensing", "Microsoft.Greenlight.UI.US.NuclearLicensing\Microsoft.Greenlight.UI.US.NuclearLicensing.csproj", "{CD6CFD2E-4339-4710-A16A-7B419B65502D}"
EndProject
Project("{9A19103F-16F7-4668-BE54-9A1E7A4F7556}") = "Microsoft.Greenlight.UI.Belgium.NuclearLicensing.DSAR", "Microsoft.Greenlight.UI.Belgium.NuclearLicensing.DSAR\Microsoft.Greenlight.UI.Belgium.NuclearLicensing.DSAR.csproj", "{A8A91C47-7A08-456C-B839-F4F3772C369C}"
EndProject
Project("{9A19103F-16F7-4668-BE54-9A1E7A4F7556}") = "Microsoft.Greenlight.Web.DocGen.Client", "Microsoft.Greenlight.Web.DocGen.Client\Microsoft.Greenlight.Web.DocGen.Client.csproj", "{F438E0F5-9B88-4428-919F-6ED8812A018E}"
EndProject
Project("{9A19103F-16F7-4668-BE54-9A1E7A4F7556}") = "Microsoft.Greenlight.Shared.Contracts", "Microsoft.Greenlight.Shared.Contracts\Microsoft.Greenlight.Shared.Contracts.csproj", "{48F704FD-A00C-4A6A-AD08-87E5F3538E36}"
EndProject
Project("{9A19103F-16F7-4668-BE54-9A1E7A4F7556}") = "Microsoft.Greenlight.Shared.Enums", "Microsoft.Greenlight.Shared.Enums\Microsoft.Greenlight.Shared.Enums.csproj", "{3938C5EA-4F40-4FD3-BA5A-5FF0283FB30B}"
EndProject
Project("{9A19103F-16F7-4668-BE54-9A1E7A4F7556}") = "Microsoft.Greenlight.Shared.Models", "Microsoft.Greenlight.Shared.Models\Microsoft.Greenlight.Shared.Models.csproj", "{F5BD6380-C73D-4FA1-AE6F-488A942AA90D}"
EndProject
Project("{9A19103F-16F7-4668-BE54-9A1E7A4F7556}") = "Microsoft.Greenlight.Shared.Configuration", "Microsoft.Greenlight.Shared.Configuration\Microsoft.Greenlight.Shared.Configuration.csproj", "{C8CE38E0-FCD4-4117-9928-9E6C5DB06139}"
EndProject
Project("{9A19103F-16F7-4668-BE54-9A1E7A4F7556}") = "Microsoft.Greenlight.DocumentProcess.US.NRC.EnvironmentalReport", "Microsoft.Greenlight.DocumentProcess.US.NRC.EnvironmentalReport\Microsoft.Greenlight.DocumentProcess.US.NRC.EnvironmentalReport.csproj", "{5458BBE5-F1FC-4CAE-887E-9B9F22C1B05A}"
EndProject
Project("{9A19103F-16F7-4668-BE54-9A1E7A4F7556}") = "Microsoft.Greenlight.UI.US.NRC.EnvironmentalReport", "Microsoft.Greenlight.UI.US.NRC.EnvironmentalReport\Microsoft.Greenlight.UI.US.NRC.EnvironmentalReport.csproj", "{80ECCD09-DD78-4AC8-9AB3-A96761D82A91}"
EndProject
Project("{9A19103F-16F7-4668-BE54-9A1E7A4F7556}") = "Microsoft.Greenlight.DocumentProcess.Dynamic", "Microsoft.Greenlight.DocumentProcess.Dynamic\Microsoft.Greenlight.DocumentProcess.Dynamic.csproj", "{87D40E66-7F27-4087-9C56-A3DF84D30151}"
EndProject
Project("{9A19103F-16F7-4668-BE54-9A1E7A4F7556}") = "Microsoft.Greenlight.DocumentProcesses", "Microsoft.Greenlight.DocumentProcesses\Microsoft.Greenlight.DocumentProcesses.csproj", "{D090B897-E7A2-4E73-9BBB-0AE26FB69D56}"
EndProject
Project("{9A19103F-16F7-4668-BE54-9A1E7A4F7556}") = "Microsoft.Greenlight.UI.Default", "Microsoft.Greenlight.UI.Default\Microsoft.Greenlight.UI.Default.csproj", "{B45CE441-4266-4571-AAFB-31DB5FD0118C}"
EndProject
Project("{2150E333-8FDC-42A3-9474-1A3956D46DE8}") = "9. Temporary packages", "9. Temporary packages", "{E3971949-16AA-4C9B-BD65-62E0BE6EEAFE}"
EndProject
Project("{9A19103F-16F7-4668-BE54-9A1E7A4F7556}") = "Microsoft.Greenlight.Extensions.Core", "Extensibility\Microsoft.Greenlight.Extensions.Core\Microsoft.Greenlight.Extensions.Core.csproj", "{68936B34-3A20-4FB9-B41E-9EA1AA53BE3D}"
EndProject
Project("{9A19103F-16F7-4668-BE54-9A1E7A4F7556}") = "Microsoft.Greenlight.Extensions.Plugins", "Extensibility\Microsoft.Greenlight.Extensions.Plugins\Microsoft.Greenlight.Extensions.Plugins.csproj", "{3A3FB919-C0DC-46D7-903F-DC4B502107CE}"
EndProject
Project("{2150E333-8FDC-42A3-9474-1A3956D46DE8}") = "Build", "Build", "{CD951DF2-ECE1-4749-B970-4045FC83DBFC}"
	ProjectSection(SolutionItems) = preProject
		..\.github\workflows\load-trainingdata.yml = ..\.github\workflows\load-trainingdata.yml
		..\.github\workflows\provision-deploy.yml = ..\.github\workflows\provision-deploy.yml
	EndProjectSection
EndProject
Project("{9A19103F-16F7-4668-BE54-9A1E7A4F7556}") = "Microsoft.Greenlight.SetupManager.Services", "Microsoft.Greenlight.SetupManager.Services\Microsoft.Greenlight.SetupManager.Services.csproj", "{89EE11AC-63B1-4FA0-B3DD-BD591E40B0E8}"
EndProject
Project("{FAE04EC0-301F-11D3-BF4B-00C04F79EFBC}") = "Microsoft.Greenlight.AppHost.Tests", "Microsoft.Greenlight.AppHost.Tests\Microsoft.Greenlight.AppHost.Tests.csproj", "{79CDBE2E-A821-44C8-8F0E-D9D1C6475178}"
EndProject
Project("{2150E333-8FDC-42A3-9474-1A3956D46DE8}") = "Tests", "Tests", "{424C3195-4BD5-41A9-8426-8DF7970658B2}"
EndProject
Project("{2150E333-8FDC-42A3-9474-1A3956D46DE8}") = "000.Setup Managers", "000.Setup Managers", "{BAB0BA13-F063-4859-92C8-DC0E086F6F72}"
EndProject
Project("{2150E333-8FDC-42A3-9474-1A3956D46DE8}") = "Tests", "Tests", "{50972C3E-4FF3-4EBA-BEA6-B9B25AF9E46A}"
EndProject
Project("{2150E333-8FDC-42A3-9474-1A3956D46DE8}") = "Solution Items", "Solution Items", "{CDE81060-30B1-4FAD-99A5-523C1347252C}"
	ProjectSection(SolutionItems) = preProject
		.editorconfig = .editorconfig
	EndProjectSection
EndProject
Project("{FAE04EC0-301F-11D3-BF4B-00C04F79EFBC}") = "Microsoft.Greenlight.Worker.Chat.Tests", "Microsoft.Greenlight.Worker.Chat.Tests\Microsoft.Greenlight.Worker.Chat.Tests.csproj", "{3C040D7D-D7B0-4C58-8E3D-DC5099157AED}"
EndProject
Project("{FAE04EC0-301F-11D3-BF4B-00C04F79EFBC}") = "Microsoft.Greenlight.Worker.DocumentIngestion.Tests", "Microsoft.Greenlight.Worker.DocumentIngestion.Tests\Microsoft.Greenlight.Worker.DocumentIngestion.Tests.csproj", "{2E932067-9B25-40B9-800D-8FC1C9D9D4E6}"
EndProject
Project("{FAE04EC0-301F-11D3-BF4B-00C04F79EFBC}") = "Microsoft.Greenlight.Shared.Testing", "Microsoft.Greenlight.Shared.Testing\Microsoft.Greenlight.Shared.Testing.csproj", "{DD864E33-9561-4651-AD2D-7E8093C8725A}"
EndProject
Project("{2150E333-8FDC-42A3-9474-1A3956D46DE8}") = "Tests", "Tests", "{A5F5EE42-56F5-4A37-82F6-7EDAF7D7EB48}"
EndProject
Project("{FAE04EC0-301F-11D3-BF4B-00C04F79EFBC}") = "Microsoft.Greenlight.Shared.Configuration.Tests", "Microsoft.Greenlight.Shared.Configuration.Tests\Microsoft.Greenlight.Shared.Configuration.Tests.csproj", "{E1B143E9-A7C4-422E-ABD0-3C79341BB0D2}"
EndProject
Project("{2150E333-8FDC-42A3-9474-1A3956D46DE8}") = "Tests", "Tests", "{F85B5003-AB19-4A77-B993-9008980A65C3}"
EndProject
Project("{FAE04EC0-301F-11D3-BF4B-00C04F79EFBC}") = "Microsoft.Greenlight.SetupManager.Services.Tests", "Microsoft.Greenlight.SetupManager.Services.Tests\Microsoft.Greenlight.SetupManager.Services.Tests.csproj", "{1EB676DF-B039-497B-A1C5-D190C71A522C}"
EndProject
Project("{FAE04EC0-301F-11D3-BF4B-00C04F79EFBC}") = "Microsoft.Greenlight.Worker.Scheduler.Tests", "Microsoft.Greenlight.Worker.SchedulerTests\Microsoft.Greenlight.Worker.Scheduler.Tests.csproj", "{0FC0D2E5-8056-46CE-B930-0993AFFF3578}"
EndProject
Project("{FAE04EC0-301F-11D3-BF4B-00C04F79EFBC}") = "Microsoft.Greenlight.SetupManager.DB", "Microsoft.Greenlight.SetupManager.DB\Microsoft.Greenlight.SetupManager.DB.csproj", "{B5F5F9A7-494C-43F5-8589-AE97471442D1}"
EndProject
Project("{FAE04EC0-301F-11D3-BF4B-00C04F79EFBC}") = "Microsoft.Greenlight.API.Main.Tests", "Microsoft.Greenlight.API.Main.Tests\Microsoft.Greenlight.API.Main.Tests.csproj", "{BA58B309-FF52-4547-ADFA-0D3825150ECA}"
EndProject
Project("{2150E333-8FDC-42A3-9474-1A3956D46DE8}") = "Tests", "Tests", "{A61AFB9E-3915-4695-A28E-FC5C4750B23F}"
EndProject
Project("{FAE04EC0-301F-11D3-BF4B-00C04F79EFBC}") = "Microsoft.Greenlight.Extensions.Plugins.Tests", "Microsoft.Greenlight.Extensions.Plugins.Tests\Microsoft.Greenlight.Extensions.Plugins.Tests.csproj", "{CD753561-BDC4-4520-9B8F-819944E1E41F}"
EndProject
Project("{FAE04EC0-301F-11D3-BF4B-00C04F79EFBC}") = "Microsoft.Greenlight.Shared.Tests", "Microsoft.Greenlight.Shared.Tests\Microsoft.Greenlight.Shared.Tests.csproj", "{49F36FA5-EA47-4862-A0C6-9C336F57B41A}"
EndProject
Global
	GlobalSection(SolutionConfigurationPlatforms) = preSolution
		Debug|Any CPU = Debug|Any CPU
		Publish|Any CPU = Publish|Any CPU
		Release|Any CPU = Release|Any CPU
	EndGlobalSection
	GlobalSection(ProjectConfigurationPlatforms) = postSolution
		{1E893C01-30A6-4507-B6A2-C058FB1AB650}.Debug|Any CPU.ActiveCfg = Debug|Any CPU
		{1E893C01-30A6-4507-B6A2-C058FB1AB650}.Debug|Any CPU.Build.0 = Debug|Any CPU
		{1E893C01-30A6-4507-B6A2-C058FB1AB650}.Publish|Any CPU.ActiveCfg = Release|Any CPU
		{1E893C01-30A6-4507-B6A2-C058FB1AB650}.Publish|Any CPU.Build.0 = Release|Any CPU
		{1E893C01-30A6-4507-B6A2-C058FB1AB650}.Release|Any CPU.ActiveCfg = Release|Any CPU
		{1E893C01-30A6-4507-B6A2-C058FB1AB650}.Release|Any CPU.Build.0 = Release|Any CPU
		{7985819A-B9E5-4324-9F21-C8E45DD1245C}.Debug|Any CPU.ActiveCfg = Debug|Any CPU
		{7985819A-B9E5-4324-9F21-C8E45DD1245C}.Debug|Any CPU.Build.0 = Debug|Any CPU
		{7985819A-B9E5-4324-9F21-C8E45DD1245C}.Publish|Any CPU.ActiveCfg = Debug|Any CPU
		{7985819A-B9E5-4324-9F21-C8E45DD1245C}.Publish|Any CPU.Build.0 = Debug|Any CPU
		{7985819A-B9E5-4324-9F21-C8E45DD1245C}.Release|Any CPU.ActiveCfg = Release|Any CPU
		{7985819A-B9E5-4324-9F21-C8E45DD1245C}.Release|Any CPU.Build.0 = Release|Any CPU
		{6ABC1579-1F9D-45A3-B361-09E9E159B35E}.Debug|Any CPU.ActiveCfg = Debug|Any CPU
		{6ABC1579-1F9D-45A3-B361-09E9E159B35E}.Debug|Any CPU.Build.0 = Debug|Any CPU
		{6ABC1579-1F9D-45A3-B361-09E9E159B35E}.Publish|Any CPU.ActiveCfg = Release|Any CPU
		{6ABC1579-1F9D-45A3-B361-09E9E159B35E}.Publish|Any CPU.Build.0 = Release|Any CPU
		{6ABC1579-1F9D-45A3-B361-09E9E159B35E}.Release|Any CPU.ActiveCfg = Release|Any CPU
		{6ABC1579-1F9D-45A3-B361-09E9E159B35E}.Release|Any CPU.Build.0 = Release|Any CPU
		{53647382-2946-4094-8707-B481C0196095}.Debug|Any CPU.ActiveCfg = Debug|Any CPU
		{53647382-2946-4094-8707-B481C0196095}.Debug|Any CPU.Build.0 = Debug|Any CPU
		{53647382-2946-4094-8707-B481C0196095}.Publish|Any CPU.ActiveCfg = Release|Any CPU
		{53647382-2946-4094-8707-B481C0196095}.Publish|Any CPU.Build.0 = Release|Any CPU
		{53647382-2946-4094-8707-B481C0196095}.Release|Any CPU.ActiveCfg = Release|Any CPU
		{53647382-2946-4094-8707-B481C0196095}.Release|Any CPU.Build.0 = Release|Any CPU
		{80B084E5-C64C-473E-827C-C0FB7DA97895}.Debug|Any CPU.ActiveCfg = Debug|Any CPU
		{80B084E5-C64C-473E-827C-C0FB7DA97895}.Debug|Any CPU.Build.0 = Debug|Any CPU
		{80B084E5-C64C-473E-827C-C0FB7DA97895}.Publish|Any CPU.ActiveCfg = Release|Any CPU
		{80B084E5-C64C-473E-827C-C0FB7DA97895}.Publish|Any CPU.Build.0 = Release|Any CPU
		{80B084E5-C64C-473E-827C-C0FB7DA97895}.Release|Any CPU.ActiveCfg = Release|Any CPU
		{80B084E5-C64C-473E-827C-C0FB7DA97895}.Release|Any CPU.Build.0 = Release|Any CPU
		{70F30D48-204C-45AE-B39A-C39A910FF68A}.Debug|Any CPU.ActiveCfg = Debug|Any CPU
		{70F30D48-204C-45AE-B39A-C39A910FF68A}.Debug|Any CPU.Build.0 = Debug|Any CPU
		{70F30D48-204C-45AE-B39A-C39A910FF68A}.Publish|Any CPU.ActiveCfg = Release|Any CPU
		{70F30D48-204C-45AE-B39A-C39A910FF68A}.Publish|Any CPU.Build.0 = Release|Any CPU
		{70F30D48-204C-45AE-B39A-C39A910FF68A}.Release|Any CPU.ActiveCfg = Release|Any CPU
		{70F30D48-204C-45AE-B39A-C39A910FF68A}.Release|Any CPU.Build.0 = Release|Any CPU
		{5FB3C7FE-6B5B-4A1F-969D-237390F06B38}.Debug|Any CPU.ActiveCfg = Debug|Any CPU
		{5FB3C7FE-6B5B-4A1F-969D-237390F06B38}.Debug|Any CPU.Build.0 = Debug|Any CPU
		{5FB3C7FE-6B5B-4A1F-969D-237390F06B38}.Publish|Any CPU.ActiveCfg = Debug|Any CPU
		{5FB3C7FE-6B5B-4A1F-969D-237390F06B38}.Publish|Any CPU.Build.0 = Debug|Any CPU
		{5FB3C7FE-6B5B-4A1F-969D-237390F06B38}.Release|Any CPU.ActiveCfg = Release|Any CPU
		{5FB3C7FE-6B5B-4A1F-969D-237390F06B38}.Release|Any CPU.Build.0 = Release|Any CPU
		{AAB9E058-6E73-44BF-8FFC-B09696BADF2A}.Debug|Any CPU.ActiveCfg = Debug|Any CPU
		{AAB9E058-6E73-44BF-8FFC-B09696BADF2A}.Debug|Any CPU.Build.0 = Debug|Any CPU
		{AAB9E058-6E73-44BF-8FFC-B09696BADF2A}.Publish|Any CPU.ActiveCfg = Debug|Any CPU
		{AAB9E058-6E73-44BF-8FFC-B09696BADF2A}.Publish|Any CPU.Build.0 = Debug|Any CPU
		{AAB9E058-6E73-44BF-8FFC-B09696BADF2A}.Release|Any CPU.ActiveCfg = Release|Any CPU
		{AAB9E058-6E73-44BF-8FFC-B09696BADF2A}.Release|Any CPU.Build.0 = Release|Any CPU
		{1F5351C6-8E57-43B0-AB6D-999DECF395BD}.Debug|Any CPU.ActiveCfg = Debug|Any CPU
		{1F5351C6-8E57-43B0-AB6D-999DECF395BD}.Debug|Any CPU.Build.0 = Debug|Any CPU
		{1F5351C6-8E57-43B0-AB6D-999DECF395BD}.Publish|Any CPU.ActiveCfg = Debug|Any CPU
		{1F5351C6-8E57-43B0-AB6D-999DECF395BD}.Publish|Any CPU.Build.0 = Debug|Any CPU
		{1F5351C6-8E57-43B0-AB6D-999DECF395BD}.Release|Any CPU.ActiveCfg = Release|Any CPU
		{1F5351C6-8E57-43B0-AB6D-999DECF395BD}.Release|Any CPU.Build.0 = Release|Any CPU
		{FBBD830F-295A-431A-A767-3E5C0CAAC96A}.Debug|Any CPU.ActiveCfg = Debug|Any CPU
		{FBBD830F-295A-431A-A767-3E5C0CAAC96A}.Debug|Any CPU.Build.0 = Debug|Any CPU
		{FBBD830F-295A-431A-A767-3E5C0CAAC96A}.Publish|Any CPU.ActiveCfg = Debug|Any CPU
		{FBBD830F-295A-431A-A767-3E5C0CAAC96A}.Publish|Any CPU.Build.0 = Debug|Any CPU
		{FBBD830F-295A-431A-A767-3E5C0CAAC96A}.Release|Any CPU.ActiveCfg = Release|Any CPU
		{FBBD830F-295A-431A-A767-3E5C0CAAC96A}.Release|Any CPU.Build.0 = Release|Any CPU
		{1D9ED487-BC1C-4E99-BB68-D11D0154501F}.Debug|Any CPU.ActiveCfg = Debug|Any CPU
		{1D9ED487-BC1C-4E99-BB68-D11D0154501F}.Debug|Any CPU.Build.0 = Debug|Any CPU
		{1D9ED487-BC1C-4E99-BB68-D11D0154501F}.Publish|Any CPU.ActiveCfg = Debug|Any CPU
		{1D9ED487-BC1C-4E99-BB68-D11D0154501F}.Publish|Any CPU.Build.0 = Debug|Any CPU
		{1D9ED487-BC1C-4E99-BB68-D11D0154501F}.Release|Any CPU.ActiveCfg = Release|Any CPU
		{1D9ED487-BC1C-4E99-BB68-D11D0154501F}.Release|Any CPU.Build.0 = Release|Any CPU
		{D92C05E8-F943-4A4A-BEC9-C8707C203904}.Debug|Any CPU.ActiveCfg = Debug|Any CPU
		{D92C05E8-F943-4A4A-BEC9-C8707C203904}.Debug|Any CPU.Build.0 = Debug|Any CPU
		{D92C05E8-F943-4A4A-BEC9-C8707C203904}.Publish|Any CPU.ActiveCfg = Debug|Any CPU
		{D92C05E8-F943-4A4A-BEC9-C8707C203904}.Publish|Any CPU.Build.0 = Debug|Any CPU
		{D92C05E8-F943-4A4A-BEC9-C8707C203904}.Release|Any CPU.ActiveCfg = Release|Any CPU
		{D92C05E8-F943-4A4A-BEC9-C8707C203904}.Release|Any CPU.Build.0 = Release|Any CPU
		{4658FD31-7C29-4CAB-83D0-E1BE4F52E8B3}.Debug|Any CPU.ActiveCfg = Debug|Any CPU
		{4658FD31-7C29-4CAB-83D0-E1BE4F52E8B3}.Debug|Any CPU.Build.0 = Debug|Any CPU
		{4658FD31-7C29-4CAB-83D0-E1BE4F52E8B3}.Publish|Any CPU.ActiveCfg = Debug|Any CPU
		{4658FD31-7C29-4CAB-83D0-E1BE4F52E8B3}.Publish|Any CPU.Build.0 = Debug|Any CPU
		{4658FD31-7C29-4CAB-83D0-E1BE4F52E8B3}.Release|Any CPU.ActiveCfg = Release|Any CPU
		{4658FD31-7C29-4CAB-83D0-E1BE4F52E8B3}.Release|Any CPU.Build.0 = Release|Any CPU
		{CD6CFD2E-4339-4710-A16A-7B419B65502D}.Debug|Any CPU.ActiveCfg = Debug|Any CPU
		{CD6CFD2E-4339-4710-A16A-7B419B65502D}.Debug|Any CPU.Build.0 = Debug|Any CPU
		{CD6CFD2E-4339-4710-A16A-7B419B65502D}.Publish|Any CPU.ActiveCfg = Debug|Any CPU
		{CD6CFD2E-4339-4710-A16A-7B419B65502D}.Publish|Any CPU.Build.0 = Debug|Any CPU
		{CD6CFD2E-4339-4710-A16A-7B419B65502D}.Release|Any CPU.ActiveCfg = Release|Any CPU
		{CD6CFD2E-4339-4710-A16A-7B419B65502D}.Release|Any CPU.Build.0 = Release|Any CPU
		{A8A91C47-7A08-456C-B839-F4F3772C369C}.Debug|Any CPU.ActiveCfg = Debug|Any CPU
		{A8A91C47-7A08-456C-B839-F4F3772C369C}.Debug|Any CPU.Build.0 = Debug|Any CPU
		{A8A91C47-7A08-456C-B839-F4F3772C369C}.Publish|Any CPU.ActiveCfg = Debug|Any CPU
		{A8A91C47-7A08-456C-B839-F4F3772C369C}.Publish|Any CPU.Build.0 = Debug|Any CPU
		{A8A91C47-7A08-456C-B839-F4F3772C369C}.Release|Any CPU.ActiveCfg = Release|Any CPU
		{A8A91C47-7A08-456C-B839-F4F3772C369C}.Release|Any CPU.Build.0 = Release|Any CPU
		{F438E0F5-9B88-4428-919F-6ED8812A018E}.Debug|Any CPU.ActiveCfg = Debug|Any CPU
		{F438E0F5-9B88-4428-919F-6ED8812A018E}.Debug|Any CPU.Build.0 = Debug|Any CPU
		{F438E0F5-9B88-4428-919F-6ED8812A018E}.Publish|Any CPU.ActiveCfg = Debug|Any CPU
		{F438E0F5-9B88-4428-919F-6ED8812A018E}.Publish|Any CPU.Build.0 = Debug|Any CPU
		{F438E0F5-9B88-4428-919F-6ED8812A018E}.Release|Any CPU.ActiveCfg = Release|Any CPU
		{F438E0F5-9B88-4428-919F-6ED8812A018E}.Release|Any CPU.Build.0 = Release|Any CPU
		{48F704FD-A00C-4A6A-AD08-87E5F3538E36}.Debug|Any CPU.ActiveCfg = Debug|Any CPU
		{48F704FD-A00C-4A6A-AD08-87E5F3538E36}.Debug|Any CPU.Build.0 = Debug|Any CPU
		{48F704FD-A00C-4A6A-AD08-87E5F3538E36}.Publish|Any CPU.ActiveCfg = Debug|Any CPU
		{48F704FD-A00C-4A6A-AD08-87E5F3538E36}.Publish|Any CPU.Build.0 = Debug|Any CPU
		{48F704FD-A00C-4A6A-AD08-87E5F3538E36}.Release|Any CPU.ActiveCfg = Release|Any CPU
		{48F704FD-A00C-4A6A-AD08-87E5F3538E36}.Release|Any CPU.Build.0 = Release|Any CPU
		{3938C5EA-4F40-4FD3-BA5A-5FF0283FB30B}.Debug|Any CPU.ActiveCfg = Debug|Any CPU
		{3938C5EA-4F40-4FD3-BA5A-5FF0283FB30B}.Debug|Any CPU.Build.0 = Debug|Any CPU
		{3938C5EA-4F40-4FD3-BA5A-5FF0283FB30B}.Publish|Any CPU.ActiveCfg = Debug|Any CPU
		{3938C5EA-4F40-4FD3-BA5A-5FF0283FB30B}.Publish|Any CPU.Build.0 = Debug|Any CPU
		{3938C5EA-4F40-4FD3-BA5A-5FF0283FB30B}.Release|Any CPU.ActiveCfg = Release|Any CPU
		{3938C5EA-4F40-4FD3-BA5A-5FF0283FB30B}.Release|Any CPU.Build.0 = Release|Any CPU
		{F5BD6380-C73D-4FA1-AE6F-488A942AA90D}.Debug|Any CPU.ActiveCfg = Debug|Any CPU
		{F5BD6380-C73D-4FA1-AE6F-488A942AA90D}.Debug|Any CPU.Build.0 = Debug|Any CPU
		{F5BD6380-C73D-4FA1-AE6F-488A942AA90D}.Publish|Any CPU.ActiveCfg = Debug|Any CPU
		{F5BD6380-C73D-4FA1-AE6F-488A942AA90D}.Publish|Any CPU.Build.0 = Debug|Any CPU
		{F5BD6380-C73D-4FA1-AE6F-488A942AA90D}.Release|Any CPU.ActiveCfg = Release|Any CPU
		{F5BD6380-C73D-4FA1-AE6F-488A942AA90D}.Release|Any CPU.Build.0 = Release|Any CPU
		{C8CE38E0-FCD4-4117-9928-9E6C5DB06139}.Debug|Any CPU.ActiveCfg = Debug|Any CPU
		{C8CE38E0-FCD4-4117-9928-9E6C5DB06139}.Debug|Any CPU.Build.0 = Debug|Any CPU
		{C8CE38E0-FCD4-4117-9928-9E6C5DB06139}.Publish|Any CPU.ActiveCfg = Debug|Any CPU
		{C8CE38E0-FCD4-4117-9928-9E6C5DB06139}.Publish|Any CPU.Build.0 = Debug|Any CPU
		{C8CE38E0-FCD4-4117-9928-9E6C5DB06139}.Release|Any CPU.ActiveCfg = Release|Any CPU
		{C8CE38E0-FCD4-4117-9928-9E6C5DB06139}.Release|Any CPU.Build.0 = Release|Any CPU
		{5458BBE5-F1FC-4CAE-887E-9B9F22C1B05A}.Debug|Any CPU.ActiveCfg = Debug|Any CPU
		{5458BBE5-F1FC-4CAE-887E-9B9F22C1B05A}.Debug|Any CPU.Build.0 = Debug|Any CPU
		{5458BBE5-F1FC-4CAE-887E-9B9F22C1B05A}.Publish|Any CPU.ActiveCfg = Debug|Any CPU
		{5458BBE5-F1FC-4CAE-887E-9B9F22C1B05A}.Publish|Any CPU.Build.0 = Debug|Any CPU
		{5458BBE5-F1FC-4CAE-887E-9B9F22C1B05A}.Release|Any CPU.ActiveCfg = Release|Any CPU
		{5458BBE5-F1FC-4CAE-887E-9B9F22C1B05A}.Release|Any CPU.Build.0 = Release|Any CPU
		{80ECCD09-DD78-4AC8-9AB3-A96761D82A91}.Debug|Any CPU.ActiveCfg = Debug|Any CPU
		{80ECCD09-DD78-4AC8-9AB3-A96761D82A91}.Debug|Any CPU.Build.0 = Debug|Any CPU
		{80ECCD09-DD78-4AC8-9AB3-A96761D82A91}.Publish|Any CPU.ActiveCfg = Debug|Any CPU
		{80ECCD09-DD78-4AC8-9AB3-A96761D82A91}.Publish|Any CPU.Build.0 = Debug|Any CPU
		{80ECCD09-DD78-4AC8-9AB3-A96761D82A91}.Release|Any CPU.ActiveCfg = Release|Any CPU
		{80ECCD09-DD78-4AC8-9AB3-A96761D82A91}.Release|Any CPU.Build.0 = Release|Any CPU
		{87D40E66-7F27-4087-9C56-A3DF84D30151}.Debug|Any CPU.ActiveCfg = Debug|Any CPU
		{87D40E66-7F27-4087-9C56-A3DF84D30151}.Debug|Any CPU.Build.0 = Debug|Any CPU
		{87D40E66-7F27-4087-9C56-A3DF84D30151}.Publish|Any CPU.ActiveCfg = Debug|Any CPU
		{87D40E66-7F27-4087-9C56-A3DF84D30151}.Publish|Any CPU.Build.0 = Debug|Any CPU
		{87D40E66-7F27-4087-9C56-A3DF84D30151}.Release|Any CPU.ActiveCfg = Release|Any CPU
		{87D40E66-7F27-4087-9C56-A3DF84D30151}.Release|Any CPU.Build.0 = Release|Any CPU
		{D090B897-E7A2-4E73-9BBB-0AE26FB69D56}.Debug|Any CPU.ActiveCfg = Debug|Any CPU
		{D090B897-E7A2-4E73-9BBB-0AE26FB69D56}.Debug|Any CPU.Build.0 = Debug|Any CPU
		{D090B897-E7A2-4E73-9BBB-0AE26FB69D56}.Publish|Any CPU.ActiveCfg = Debug|Any CPU
		{D090B897-E7A2-4E73-9BBB-0AE26FB69D56}.Publish|Any CPU.Build.0 = Debug|Any CPU
		{D090B897-E7A2-4E73-9BBB-0AE26FB69D56}.Release|Any CPU.ActiveCfg = Release|Any CPU
		{D090B897-E7A2-4E73-9BBB-0AE26FB69D56}.Release|Any CPU.Build.0 = Release|Any CPU
		{B45CE441-4266-4571-AAFB-31DB5FD0118C}.Debug|Any CPU.ActiveCfg = Debug|Any CPU
		{B45CE441-4266-4571-AAFB-31DB5FD0118C}.Debug|Any CPU.Build.0 = Debug|Any CPU
		{B45CE441-4266-4571-AAFB-31DB5FD0118C}.Publish|Any CPU.ActiveCfg = Debug|Any CPU
		{B45CE441-4266-4571-AAFB-31DB5FD0118C}.Publish|Any CPU.Build.0 = Debug|Any CPU
		{B45CE441-4266-4571-AAFB-31DB5FD0118C}.Release|Any CPU.ActiveCfg = Release|Any CPU
		{B45CE441-4266-4571-AAFB-31DB5FD0118C}.Release|Any CPU.Build.0 = Release|Any CPU
		{68936B34-3A20-4FB9-B41E-9EA1AA53BE3D}.Debug|Any CPU.ActiveCfg = Debug|Any CPU
		{68936B34-3A20-4FB9-B41E-9EA1AA53BE3D}.Debug|Any CPU.Build.0 = Debug|Any CPU
		{68936B34-3A20-4FB9-B41E-9EA1AA53BE3D}.Publish|Any CPU.ActiveCfg = Debug|Any CPU
		{68936B34-3A20-4FB9-B41E-9EA1AA53BE3D}.Publish|Any CPU.Build.0 = Debug|Any CPU
		{68936B34-3A20-4FB9-B41E-9EA1AA53BE3D}.Release|Any CPU.ActiveCfg = Release|Any CPU
		{68936B34-3A20-4FB9-B41E-9EA1AA53BE3D}.Release|Any CPU.Build.0 = Release|Any CPU
		{3A3FB919-C0DC-46D7-903F-DC4B502107CE}.Debug|Any CPU.ActiveCfg = Debug|Any CPU
		{3A3FB919-C0DC-46D7-903F-DC4B502107CE}.Debug|Any CPU.Build.0 = Debug|Any CPU
		{3A3FB919-C0DC-46D7-903F-DC4B502107CE}.Publish|Any CPU.ActiveCfg = Debug|Any CPU
		{3A3FB919-C0DC-46D7-903F-DC4B502107CE}.Publish|Any CPU.Build.0 = Debug|Any CPU
		{3A3FB919-C0DC-46D7-903F-DC4B502107CE}.Release|Any CPU.ActiveCfg = Release|Any CPU
		{3A3FB919-C0DC-46D7-903F-DC4B502107CE}.Release|Any CPU.Build.0 = Release|Any CPU
		{89EE11AC-63B1-4FA0-B3DD-BD591E40B0E8}.Debug|Any CPU.ActiveCfg = Debug|Any CPU
		{89EE11AC-63B1-4FA0-B3DD-BD591E40B0E8}.Debug|Any CPU.Build.0 = Debug|Any CPU
		{89EE11AC-63B1-4FA0-B3DD-BD591E40B0E8}.Publish|Any CPU.ActiveCfg = Debug|Any CPU
		{89EE11AC-63B1-4FA0-B3DD-BD591E40B0E8}.Publish|Any CPU.Build.0 = Debug|Any CPU
		{89EE11AC-63B1-4FA0-B3DD-BD591E40B0E8}.Release|Any CPU.ActiveCfg = Release|Any CPU
		{89EE11AC-63B1-4FA0-B3DD-BD591E40B0E8}.Release|Any CPU.Build.0 = Release|Any CPU
		{79CDBE2E-A821-44C8-8F0E-D9D1C6475178}.Debug|Any CPU.ActiveCfg = Debug|Any CPU
		{79CDBE2E-A821-44C8-8F0E-D9D1C6475178}.Debug|Any CPU.Build.0 = Debug|Any CPU
		{79CDBE2E-A821-44C8-8F0E-D9D1C6475178}.Publish|Any CPU.ActiveCfg = Debug|Any CPU
		{79CDBE2E-A821-44C8-8F0E-D9D1C6475178}.Publish|Any CPU.Build.0 = Debug|Any CPU
		{79CDBE2E-A821-44C8-8F0E-D9D1C6475178}.Release|Any CPU.ActiveCfg = Release|Any CPU
		{79CDBE2E-A821-44C8-8F0E-D9D1C6475178}.Release|Any CPU.Build.0 = Release|Any CPU
		{3C040D7D-D7B0-4C58-8E3D-DC5099157AED}.Debug|Any CPU.ActiveCfg = Debug|Any CPU
		{3C040D7D-D7B0-4C58-8E3D-DC5099157AED}.Debug|Any CPU.Build.0 = Debug|Any CPU
		{3C040D7D-D7B0-4C58-8E3D-DC5099157AED}.Publish|Any CPU.ActiveCfg = Debug|Any CPU
		{3C040D7D-D7B0-4C58-8E3D-DC5099157AED}.Publish|Any CPU.Build.0 = Debug|Any CPU
		{3C040D7D-D7B0-4C58-8E3D-DC5099157AED}.Release|Any CPU.ActiveCfg = Release|Any CPU
		{3C040D7D-D7B0-4C58-8E3D-DC5099157AED}.Release|Any CPU.Build.0 = Release|Any CPU
		{2E932067-9B25-40B9-800D-8FC1C9D9D4E6}.Debug|Any CPU.ActiveCfg = Debug|Any CPU
		{2E932067-9B25-40B9-800D-8FC1C9D9D4E6}.Debug|Any CPU.Build.0 = Debug|Any CPU
		{2E932067-9B25-40B9-800D-8FC1C9D9D4E6}.Publish|Any CPU.ActiveCfg = Debug|Any CPU
		{2E932067-9B25-40B9-800D-8FC1C9D9D4E6}.Publish|Any CPU.Build.0 = Debug|Any CPU
		{2E932067-9B25-40B9-800D-8FC1C9D9D4E6}.Release|Any CPU.ActiveCfg = Release|Any CPU
		{2E932067-9B25-40B9-800D-8FC1C9D9D4E6}.Release|Any CPU.Build.0 = Release|Any CPU
		{DD864E33-9561-4651-AD2D-7E8093C8725A}.Debug|Any CPU.ActiveCfg = Debug|Any CPU
		{DD864E33-9561-4651-AD2D-7E8093C8725A}.Debug|Any CPU.Build.0 = Debug|Any CPU
		{DD864E33-9561-4651-AD2D-7E8093C8725A}.Publish|Any CPU.ActiveCfg = Debug|Any CPU
		{DD864E33-9561-4651-AD2D-7E8093C8725A}.Publish|Any CPU.Build.0 = Debug|Any CPU
		{DD864E33-9561-4651-AD2D-7E8093C8725A}.Release|Any CPU.ActiveCfg = Release|Any CPU
		{DD864E33-9561-4651-AD2D-7E8093C8725A}.Release|Any CPU.Build.0 = Release|Any CPU
		{E1B143E9-A7C4-422E-ABD0-3C79341BB0D2}.Debug|Any CPU.ActiveCfg = Debug|Any CPU
		{E1B143E9-A7C4-422E-ABD0-3C79341BB0D2}.Debug|Any CPU.Build.0 = Debug|Any CPU
		{E1B143E9-A7C4-422E-ABD0-3C79341BB0D2}.Publish|Any CPU.ActiveCfg = Debug|Any CPU
		{E1B143E9-A7C4-422E-ABD0-3C79341BB0D2}.Publish|Any CPU.Build.0 = Debug|Any CPU
		{E1B143E9-A7C4-422E-ABD0-3C79341BB0D2}.Release|Any CPU.ActiveCfg = Release|Any CPU
		{E1B143E9-A7C4-422E-ABD0-3C79341BB0D2}.Release|Any CPU.Build.0 = Release|Any CPU
		{1EB676DF-B039-497B-A1C5-D190C71A522C}.Debug|Any CPU.ActiveCfg = Debug|Any CPU
		{1EB676DF-B039-497B-A1C5-D190C71A522C}.Debug|Any CPU.Build.0 = Debug|Any CPU
		{1EB676DF-B039-497B-A1C5-D190C71A522C}.Publish|Any CPU.ActiveCfg = Debug|Any CPU
		{1EB676DF-B039-497B-A1C5-D190C71A522C}.Publish|Any CPU.Build.0 = Debug|Any CPU
		{1EB676DF-B039-497B-A1C5-D190C71A522C}.Release|Any CPU.ActiveCfg = Release|Any CPU
		{1EB676DF-B039-497B-A1C5-D190C71A522C}.Release|Any CPU.Build.0 = Release|Any CPU
		{0FC0D2E5-8056-46CE-B930-0993AFFF3578}.Debug|Any CPU.ActiveCfg = Debug|Any CPU
		{0FC0D2E5-8056-46CE-B930-0993AFFF3578}.Debug|Any CPU.Build.0 = Debug|Any CPU
		{0FC0D2E5-8056-46CE-B930-0993AFFF3578}.Publish|Any CPU.ActiveCfg = Debug|Any CPU
		{0FC0D2E5-8056-46CE-B930-0993AFFF3578}.Publish|Any CPU.Build.0 = Debug|Any CPU
		{0FC0D2E5-8056-46CE-B930-0993AFFF3578}.Release|Any CPU.ActiveCfg = Release|Any CPU
		{0FC0D2E5-8056-46CE-B930-0993AFFF3578}.Release|Any CPU.Build.0 = Release|Any CPU
		{B5F5F9A7-494C-43F5-8589-AE97471442D1}.Debug|Any CPU.ActiveCfg = Debug|Any CPU
		{B5F5F9A7-494C-43F5-8589-AE97471442D1}.Debug|Any CPU.Build.0 = Debug|Any CPU
		{B5F5F9A7-494C-43F5-8589-AE97471442D1}.Publish|Any CPU.ActiveCfg = Debug|Any CPU
		{B5F5F9A7-494C-43F5-8589-AE97471442D1}.Publish|Any CPU.Build.0 = Debug|Any CPU
		{B5F5F9A7-494C-43F5-8589-AE97471442D1}.Release|Any CPU.ActiveCfg = Release|Any CPU
		{B5F5F9A7-494C-43F5-8589-AE97471442D1}.Release|Any CPU.Build.0 = Release|Any CPU
		{BA58B309-FF52-4547-ADFA-0D3825150ECA}.Debug|Any CPU.ActiveCfg = Debug|Any CPU
		{BA58B309-FF52-4547-ADFA-0D3825150ECA}.Debug|Any CPU.Build.0 = Debug|Any CPU
		{BA58B309-FF52-4547-ADFA-0D3825150ECA}.Publish|Any CPU.ActiveCfg = Debug|Any CPU
		{BA58B309-FF52-4547-ADFA-0D3825150ECA}.Publish|Any CPU.Build.0 = Debug|Any CPU
		{BA58B309-FF52-4547-ADFA-0D3825150ECA}.Release|Any CPU.ActiveCfg = Release|Any CPU
		{BA58B309-FF52-4547-ADFA-0D3825150ECA}.Release|Any CPU.Build.0 = Release|Any CPU
		{CD753561-BDC4-4520-9B8F-819944E1E41F}.Debug|Any CPU.ActiveCfg = Debug|Any CPU
		{CD753561-BDC4-4520-9B8F-819944E1E41F}.Debug|Any CPU.Build.0 = Debug|Any CPU
		{CD753561-BDC4-4520-9B8F-819944E1E41F}.Publish|Any CPU.ActiveCfg = Debug|Any CPU
		{CD753561-BDC4-4520-9B8F-819944E1E41F}.Publish|Any CPU.Build.0 = Debug|Any CPU
		{CD753561-BDC4-4520-9B8F-819944E1E41F}.Release|Any CPU.ActiveCfg = Release|Any CPU
		{CD753561-BDC4-4520-9B8F-819944E1E41F}.Release|Any CPU.Build.0 = Release|Any CPU
		{49F36FA5-EA47-4862-A0C6-9C336F57B41A}.Debug|Any CPU.ActiveCfg = Debug|Any CPU
		{49F36FA5-EA47-4862-A0C6-9C336F57B41A}.Debug|Any CPU.Build.0 = Debug|Any CPU
		{49F36FA5-EA47-4862-A0C6-9C336F57B41A}.Publish|Any CPU.ActiveCfg = Debug|Any CPU
		{49F36FA5-EA47-4862-A0C6-9C336F57B41A}.Publish|Any CPU.Build.0 = Debug|Any CPU
		{49F36FA5-EA47-4862-A0C6-9C336F57B41A}.Release|Any CPU.ActiveCfg = Release|Any CPU
		{49F36FA5-EA47-4862-A0C6-9C336F57B41A}.Release|Any CPU.Build.0 = Release|Any CPU
	EndGlobalSection
	GlobalSection(SolutionProperties) = preSolution
		HideSolutionNode = FALSE
	EndGlobalSection
	GlobalSection(NestedProjects) = preSolution
		{1E893C01-30A6-4507-B6A2-C058FB1AB650} = {D4460E03-6678-477D-B13C-7870EDD82671}
		{7985819A-B9E5-4324-9F21-C8E45DD1245C} = {24DA4DEF-D3AD-4D2B-8526-513082EBB3DF}
		{6ABC1579-1F9D-45A3-B361-09E9E159B35E} = {D7FBA9F4-51F7-4DEA-B08C-1CB6E379010B}
		{53647382-2946-4094-8707-B481C0196095} = {FF5008BD-2970-41F9-8F1E-61F2DEC9AED5}
		{80B084E5-C64C-473E-827C-C0FB7DA97895} = {FF5008BD-2970-41F9-8F1E-61F2DEC9AED5}
		{70F30D48-204C-45AE-B39A-C39A910FF68A} = {F7F3832D-1C01-4B76-A055-072964D03A2B}
		{5FB3C7FE-6B5B-4A1F-969D-237390F06B38} = {F7F3832D-1C01-4B76-A055-072964D03A2B}
		{AAB9E058-6E73-44BF-8FFC-B09696BADF2A} = {FF5008BD-2970-41F9-8F1E-61F2DEC9AED5}
		{1F5351C6-8E57-43B0-AB6D-999DECF395BD} = {FF5008BD-2970-41F9-8F1E-61F2DEC9AED5}
		{FBBD830F-295A-431A-A767-3E5C0CAAC96A} = {7EABCC9F-BAB5-4394-8B76-433A33055F59}
		{1D9ED487-BC1C-4E99-BB68-D11D0154501F} = {D4460E03-6678-477D-B13C-7870EDD82671}
		{D92C05E8-F943-4A4A-BEC9-C8707C203904} = {FF5008BD-2970-41F9-8F1E-61F2DEC9AED5}
		{4658FD31-7C29-4CAB-83D0-E1BE4F52E8B3} = {24DA4DEF-D3AD-4D2B-8526-513082EBB3DF}
		{EA6467CC-7141-4DF4-A64B-B570D12CC9A9} = {F7F3832D-1C01-4B76-A055-072964D03A2B}
		{CD6CFD2E-4339-4710-A16A-7B419B65502D} = {EA6467CC-7141-4DF4-A64B-B570D12CC9A9}
		{A8A91C47-7A08-456C-B839-F4F3772C369C} = {EA6467CC-7141-4DF4-A64B-B570D12CC9A9}
		{F438E0F5-9B88-4428-919F-6ED8812A018E} = {F7F3832D-1C01-4B76-A055-072964D03A2B}
		{48F704FD-A00C-4A6A-AD08-87E5F3538E36} = {D7FBA9F4-51F7-4DEA-B08C-1CB6E379010B}
		{3938C5EA-4F40-4FD3-BA5A-5FF0283FB30B} = {D7FBA9F4-51F7-4DEA-B08C-1CB6E379010B}
		{F5BD6380-C73D-4FA1-AE6F-488A942AA90D} = {D7FBA9F4-51F7-4DEA-B08C-1CB6E379010B}
		{C8CE38E0-FCD4-4117-9928-9E6C5DB06139} = {D7FBA9F4-51F7-4DEA-B08C-1CB6E379010B}
		{5458BBE5-F1FC-4CAE-887E-9B9F22C1B05A} = {24DA4DEF-D3AD-4D2B-8526-513082EBB3DF}
		{80ECCD09-DD78-4AC8-9AB3-A96761D82A91} = {EA6467CC-7141-4DF4-A64B-B570D12CC9A9}
		{87D40E66-7F27-4087-9C56-A3DF84D30151} = {24DA4DEF-D3AD-4D2B-8526-513082EBB3DF}
		{D090B897-E7A2-4E73-9BBB-0AE26FB69D56} = {24DA4DEF-D3AD-4D2B-8526-513082EBB3DF}
		{B45CE441-4266-4571-AAFB-31DB5FD0118C} = {EA6467CC-7141-4DF4-A64B-B570D12CC9A9}
		{68936B34-3A20-4FB9-B41E-9EA1AA53BE3D} = {E3971949-16AA-4C9B-BD65-62E0BE6EEAFE}
		{3A3FB919-C0DC-46D7-903F-DC4B502107CE} = {E3971949-16AA-4C9B-BD65-62E0BE6EEAFE}
		{CD951DF2-ECE1-4749-B970-4045FC83DBFC} = {0CED2165-8D86-45D8-8D0D-359FB0D0AC32}
		{89EE11AC-63B1-4FA0-B3DD-BD591E40B0E8} = {BAB0BA13-F063-4859-92C8-DC0E086F6F72}
		{79CDBE2E-A821-44C8-8F0E-D9D1C6475178} = {424C3195-4BD5-41A9-8426-8DF7970658B2}
		{424C3195-4BD5-41A9-8426-8DF7970658B2} = {D4460E03-6678-477D-B13C-7870EDD82671}
		{50972C3E-4FF3-4EBA-BEA6-B9B25AF9E46A} = {FF5008BD-2970-41F9-8F1E-61F2DEC9AED5}
		{3C040D7D-D7B0-4C58-8E3D-DC5099157AED} = {50972C3E-4FF3-4EBA-BEA6-B9B25AF9E46A}
		{2E932067-9B25-40B9-800D-8FC1C9D9D4E6} = {50972C3E-4FF3-4EBA-BEA6-B9B25AF9E46A}
		{DD864E33-9561-4651-AD2D-7E8093C8725A} = {D7FBA9F4-51F7-4DEA-B08C-1CB6E379010B}
		{A5F5EE42-56F5-4A37-82F6-7EDAF7D7EB48} = {D7FBA9F4-51F7-4DEA-B08C-1CB6E379010B}
		{E1B143E9-A7C4-422E-ABD0-3C79341BB0D2} = {A5F5EE42-56F5-4A37-82F6-7EDAF7D7EB48}
		{F85B5003-AB19-4A77-B993-9008980A65C3} = {BAB0BA13-F063-4859-92C8-DC0E086F6F72}
		{1EB676DF-B039-497B-A1C5-D190C71A522C} = {F85B5003-AB19-4A77-B993-9008980A65C3}
		{0FC0D2E5-8056-46CE-B930-0993AFFF3578} = {50972C3E-4FF3-4EBA-BEA6-B9B25AF9E46A}
		{B5F5F9A7-494C-43F5-8589-AE97471442D1} = {BAB0BA13-F063-4859-92C8-DC0E086F6F72}
		{BA58B309-FF52-4547-ADFA-0D3825150ECA} = {50972C3E-4FF3-4EBA-BEA6-B9B25AF9E46A}
		{A61AFB9E-3915-4695-A28E-FC5C4750B23F} = {E3971949-16AA-4C9B-BD65-62E0BE6EEAFE}
		{CD753561-BDC4-4520-9B8F-819944E1E41F} = {A61AFB9E-3915-4695-A28E-FC5C4750B23F}
		{49F36FA5-EA47-4862-A0C6-9C336F57B41A} = {A5F5EE42-56F5-4A37-82F6-7EDAF7D7EB48}
	EndGlobalSection
	GlobalSection(ExtensibilityGlobals) = postSolution
		SolutionGuid = {8B68A6F2-AE7F-4585-941D-282839D6E440}
	EndGlobalSection
EndGlobal
