
Microsoft Visual Studio Solution File, Format Version 12.00
# Visual Studio Version 17
VisualStudioVersion = 17.0.31903.59
MinimumVisualStudioVersion = 10.0.40219.1
Project("{2150E333-8FDC-42A3-9474-1A3956D46DE8}") = "Frontend", "Frontend", "{25D74023-1262-4CF8-81BC-7974FE879A87}"
EndProject
Project("{9A19103F-16F7-4668-BE54-9A1E7A4F7556}") = "ProjectVico.Frontend.API", "Frontend\webapi\ProjectVico.Frontend.API.csproj", "{12ADB85F-ED63-4D43-A77A-F5E2061698C7}"
EndProject
Project("{2150E333-8FDC-42A3-9474-1A3956D46DE8}") = "Plugins", "Plugins", "{7F6BB84A-0B49-49E7-AFA6-3C90CA54156B}"
EndProject
Project("{9A19103F-16F7-4668-BE54-9A1E7A4F7556}") = "ProjectVico.Plugins.DocQnA", "Plugins\ProjectVico.Plugins.DocQnA\ProjectVico.Plugins.DocQnA.csproj", "{F9120346-6E9F-4D65-B239-6658FE238C49}"
EndProject
Project("{9A19103F-16F7-4668-BE54-9A1E7A4F7556}") = "ProjectVico.Plugins.GeographicalData", "Plugins\ProjectVico.Plugins.GeographicalData\ProjectVico.Plugins.GeographicalData.csproj", "{C1D00A1F-CFCC-4B60-9073-57E919819CB4}"
EndProject
Project("{FAE04EC0-301F-11D3-BF4B-00C04F79EFBC}") = "ProjectVico.Frontend.WordAddin", "Frontend\ProjectVico.Frontend.WordAddin\ProjectVico.Frontend.WordAddin.csproj", "{9F530468-2E77-46EB-9402-8B0E7E17703D}"
EndProject
Project("{FAE04EC0-301F-11D3-BF4B-00C04F79EFBC}") = "ProjectVico.Frontend.WordAddinWeb", "Frontend\ProjectVico.Frontend.WordAddinWeb\ProjectVico.Frontend.WordAddinWeb.csproj", "{CCA28BC6-317E-44C1-BE41-626EC276F6BB}"
EndProject
Global
	GlobalSection(SolutionConfigurationPlatforms) = preSolution
		Debug|Any CPU = Debug|Any CPU
		Release|Any CPU = Release|Any CPU
	EndGlobalSection
	GlobalSection(ProjectConfigurationPlatforms) = postSolution
		{12ADB85F-ED63-4D43-A77A-F5E2061698C7}.Debug|Any CPU.ActiveCfg = Debug|Any CPU
		{12ADB85F-ED63-4D43-A77A-F5E2061698C7}.Debug|Any CPU.Build.0 = Debug|Any CPU
		{12ADB85F-ED63-4D43-A77A-F5E2061698C7}.Release|Any CPU.ActiveCfg = Release|Any CPU
		{12ADB85F-ED63-4D43-A77A-F5E2061698C7}.Release|Any CPU.Build.0 = Release|Any CPU
		{F9120346-6E9F-4D65-B239-6658FE238C49}.Debug|Any CPU.ActiveCfg = Debug|Any CPU
		{F9120346-6E9F-4D65-B239-6658FE238C49}.Debug|Any CPU.Build.0 = Debug|Any CPU
		{F9120346-6E9F-4D65-B239-6658FE238C49}.Release|Any CPU.ActiveCfg = Release|Any CPU
		{F9120346-6E9F-4D65-B239-6658FE238C49}.Release|Any CPU.Build.0 = Release|Any CPU
		{C1D00A1F-CFCC-4B60-9073-57E919819CB4}.Debug|Any CPU.ActiveCfg = Debug|Any CPU
		{C1D00A1F-CFCC-4B60-9073-57E919819CB4}.Debug|Any CPU.Build.0 = Debug|Any CPU
		{C1D00A1F-CFCC-4B60-9073-57E919819CB4}.Release|Any CPU.ActiveCfg = Release|Any CPU
		{C1D00A1F-CFCC-4B60-9073-57E919819CB4}.Release|Any CPU.Build.0 = Release|Any CPU
		{9F530468-2E77-46EB-9402-8B0E7E17703D}.Debug|Any CPU.ActiveCfg = Debug|Any CPU
		{9F530468-2E77-46EB-9402-8B0E7E17703D}.Debug|Any CPU.Build.0 = Debug|Any CPU
		{9F530468-2E77-46EB-9402-8B0E7E17703D}.Debug|Any CPU.Deploy.0 = Debug|Any CPU
		{9F530468-2E77-46EB-9402-8B0E7E17703D}.Release|Any CPU.ActiveCfg = Release|Any CPU
		{9F530468-2E77-46EB-9402-8B0E7E17703D}.Release|Any CPU.Build.0 = Release|Any CPU
		{9F530468-2E77-46EB-9402-8B0E7E17703D}.Release|Any CPU.Deploy.0 = Release|Any CPU
		{CCA28BC6-317E-44C1-BE41-626EC276F6BB}.Debug|Any CPU.ActiveCfg = Debug|Any CPU
		{CCA28BC6-317E-44C1-BE41-626EC276F6BB}.Debug|Any CPU.Build.0 = Debug|Any CPU
		{CCA28BC6-317E-44C1-BE41-626EC276F6BB}.Release|Any CPU.ActiveCfg = Release|Any CPU
		{CCA28BC6-317E-44C1-BE41-626EC276F6BB}.Release|Any CPU.Build.0 = Release|Any CPU
	EndGlobalSection
	GlobalSection(SolutionProperties) = preSolution
		HideSolutionNode = FALSE
	EndGlobalSection
	GlobalSection(NestedProjects) = preSolution
		{12ADB85F-ED63-4D43-A77A-F5E2061698C7} = {25D74023-1262-4CF8-81BC-7974FE879A87}
		{F9120346-6E9F-4D65-B239-6658FE238C49} = {7F6BB84A-0B49-49E7-AFA6-3C90CA54156B}
		{C1D00A1F-CFCC-4B60-9073-57E919819CB4} = {7F6BB84A-0B49-49E7-AFA6-3C90CA54156B}
		{9F530468-2E77-46EB-9402-8B0E7E17703D} = {25D74023-1262-4CF8-81BC-7974FE879A87}
		{CCA28BC6-317E-44C1-BE41-626EC276F6BB} = {25D74023-1262-4CF8-81BC-7974FE879A87}
	EndGlobalSection
	GlobalSection(ExtensibilityGlobals) = postSolution
		SolutionGuid = {D57E1357-E9CC-4EFB-8AF4-910D4EE0E8F6}
	EndGlobalSection
EndGlobal
