Microsoft Visual Studio Solution File, Format Version 12.00
# Visual Studio Version 17
VisualStudioVersion = 17.9.34518.117
MinimumVisualStudioVersion = 10.0.40219.1
Project("{9A19103F-16F7-4668-BE54-9A1E7A4F7556}") = "ProjectVico.V2.ServiceDefaults", "ProjectVico.V2.ServiceDefaults\ProjectVico.V2.ServiceDefaults.csproj", "{1E893C01-30A6-4507-B6A2-C058FB1AB650}"
EndProject
Project("{2150E333-8FDC-42A3-9474-1A3956D46DE8}") = "0. Aspire Infrastructure", "0. Aspire Infrastructure", "{D4460E03-6678-477D-B13C-7870EDD82671}"
EndProject
Project("{2150E333-8FDC-42A3-9474-1A3956D46DE8}") = "00. Misc", "00. Misc", "{0CED2165-8D86-45D8-8D0D-359FB0D0AC32}"
	ProjectSection(SolutionItems) = preProject
		.gitignore = .gitignore
		NuGet.config = NuGet.config
	EndProjectSection
EndProject
Project("{2150E333-8FDC-42A3-9474-1A3956D46DE8}") = "1. Frontends", "1. Frontends", "{F7F3832D-1C01-4B76-A055-072964D03A2B}"
EndProject
Project("{2150E333-8FDC-42A3-9474-1A3956D46DE8}") = "2. Backends", "2. Backends", "{FF5008BD-2970-41F9-8F1E-61F2DEC9AED5}"
EndProject
Project("{2150E333-8FDC-42A3-9474-1A3956D46DE8}") = "3. Plugins", "3. Plugins", "{7EABCC9F-BAB5-4394-8B76-433A33055F59}"
EndProject
Project("{2150E333-8FDC-42A3-9474-1A3956D46DE8}") = "4. Document Processes", "4. Document Processes", "{24DA4DEF-D3AD-4D2B-8526-513082EBB3DF}"
EndProject
Project("{9A19103F-16F7-4668-BE54-9A1E7A4F7556}") = "ProjectVico.V2.DocumentProcess.Shared", "ProjectVico.V2.DocumentProcess.Shared\ProjectVico.V2.DocumentProcess.Shared.csproj", "{7985819A-B9E5-4324-9F21-C8E45DD1245C}"
EndProject
Project("{9A19103F-16F7-4668-BE54-9A1E7A4F7556}") = "ProjectVico.V2.DocumentProcess.US.NuclearLicensing", "ProjectVico.V2.DocumentProcess.US.NuclearLicensing\ProjectVico.V2.DocumentProcess.US.NuclearLicensing.csproj", "{571E26E7-47FA-44CA-980F-483E1C4B316A}"
EndProject
Project("{9A19103F-16F7-4668-BE54-9A1E7A4F7556}") = "ProjectVico.V2.DocumentProcess.CustomData", "ProjectVico.V2.DocumentProcess.CustomData\ProjectVico.V2.DocumentProcess.CustomData.csproj", "{987A9190-B29C-4C60-B9F5-57CA489C2335}"
EndProject
Project("{2150E333-8FDC-42A3-9474-1A3956D46DE8}") = "8. Shared", "8. Shared", "{D7FBA9F4-51F7-4DEA-B08C-1CB6E379010B}"
EndProject
Project("{9A19103F-16F7-4668-BE54-9A1E7A4F7556}") = "ProjectVico.V2.Shared", "ProjectVico.V2.Shared\ProjectVico.V2.Shared.csproj", "{6ABC1579-1F9D-45A3-B361-09E9E159B35E}"
EndProject
Project("{9A19103F-16F7-4668-BE54-9A1E7A4F7556}") = "ProjectVico.V2.API.Main", "ProjectVico.V2.API.Main\ProjectVico.V2.API.Main.csproj", "{53647382-2946-4094-8707-B481C0196095}"
EndProject
Project("{9A19103F-16F7-4668-BE54-9A1E7A4F7556}") = "ProjectVico.V2.Worker.DocumentGeneration", "ProjectVico.V2.Worker.DocumentGeneration\ProjectVico.V2.Worker.DocumentGeneration.csproj", "{80B084E5-C64C-473E-827C-C0FB7DA97895}"
EndProject
Project("{2150E333-8FDC-42A3-9474-1A3956D46DE8}") = "9. Dummy-Disposable Projects", "9. Dummy-Disposable Projects", "{39A7C0D9-3556-4AE4-88D1-B36A0176D02E}"
EndProject
Project("{9A19103F-16F7-4668-BE54-9A1E7A4F7556}") = "ProjectVico.V2.Web.Shared", "ProjectVico.V2.Web.Shared\ProjectVico.V2.Web.Shared.csproj", "{70F30D48-204C-45AE-B39A-C39A910FF68A}"
EndProject
Project("{9A19103F-16F7-4668-BE54-9A1E7A4F7556}") = "ProjectVico.V2.Web.DocGen", "ProjectVico.V2.Web.DocGen\ProjectVico.V2.Web.DocGen.csproj", "{5FB3C7FE-6B5B-4A1F-969D-237390F06B38}"
EndProject
Project("{9A19103F-16F7-4668-BE54-9A1E7A4F7556}") = "ProjectVico.V2.Worker.DocumentIngestion", "ProjectVico.V2.Worker.DocumentIngestion\ProjectVico.V2.Worker.DocumentIngestion.csproj", "{AAB9E058-6E73-44BF-8FFC-B09696BADF2A}"
EndProject
Project("{9A19103F-16F7-4668-BE54-9A1E7A4F7556}") = "ProjectVico.V2.SetupManager", "ProjectVico.V2.SetupManager\ProjectVico.V2.SetupManager.csproj", "{8A2FC390-59E2-47B5-9BD3-9BE03EB5C60F}"
EndProject
Project("{9A19103F-16F7-4668-BE54-9A1E7A4F7556}") = "ProjectVico.V2.Worker.Scheduler", "ProjectVico.V2.Worker.Scheduler\ProjectVico.V2.Worker.Scheduler.csproj", "{1F5351C6-8E57-43B0-AB6D-999DECF395BD}"
EndProject
Project("{9A19103F-16F7-4668-BE54-9A1E7A4F7556}") = "ProjectVico.V2.Plugins.Shared", "Plugins\ProjectVico.V2.Plugins.Shared\ProjectVico.V2.Plugins.Shared.csproj", "{61E3E737-6738-4A06-A122-67844CBCD94D}"
EndProject
Project("{9A19103F-16F7-4668-BE54-9A1E7A4F7556}") = "ProjectVico.V2.Plugins.Default", "Plugins\ProjectVico.V2.Plugins.Default\ProjectVico.V2.Plugins.Default.csproj", "{FBBD830F-295A-431A-A767-3E5C0CAAC96A}"
EndProject
Project("{9A19103F-16F7-4668-BE54-9A1E7A4F7556}") = "ProjectVico.V2.AppHost", "ProjectVico.V2.AppHost\ProjectVico.V2.AppHost.csproj", "{1D9ED487-BC1C-4E99-BB68-D11D0154501F}"
EndProject
Project("{9A19103F-16F7-4668-BE54-9A1E7A4F7556}") = "ProjectVico.V2.Worker.Chat", "ProjectVico.V2.Worker.Chat\ProjectVico.V2.Worker.Chat.csproj", "{D92C05E8-F943-4A4A-BEC9-C8707C203904}"
EndProject
Global
	GlobalSection(SolutionConfigurationPlatforms) = preSolution
		Debug|Any CPU = Debug|Any CPU
		Publish|Any CPU = Publish|Any CPU
		Release|Any CPU = Release|Any CPU
	EndGlobalSection
	GlobalSection(ProjectConfigurationPlatforms) = postSolution
		{1E893C01-30A6-4507-B6A2-C058FB1AB650}.Debug|Any CPU.ActiveCfg = Debug|Any CPU
		{1E893C01-30A6-4507-B6A2-C058FB1AB650}.Debug|Any CPU.Build.0 = Debug|Any CPU
		{1E893C01-30A6-4507-B6A2-C058FB1AB650}.Publish|Any CPU.ActiveCfg = Release|Any CPU
		{1E893C01-30A6-4507-B6A2-C058FB1AB650}.Publish|Any CPU.Build.0 = Release|Any CPU
		{1E893C01-30A6-4507-B6A2-C058FB1AB650}.Release|Any CPU.ActiveCfg = Release|Any CPU
		{1E893C01-30A6-4507-B6A2-C058FB1AB650}.Release|Any CPU.Build.0 = Release|Any CPU
		{7985819A-B9E5-4324-9F21-C8E45DD1245C}.Debug|Any CPU.ActiveCfg = Debug|Any CPU
		{7985819A-B9E5-4324-9F21-C8E45DD1245C}.Debug|Any CPU.Build.0 = Debug|Any CPU
		{7985819A-B9E5-4324-9F21-C8E45DD1245C}.Publish|Any CPU.ActiveCfg = Debug|Any CPU
		{7985819A-B9E5-4324-9F21-C8E45DD1245C}.Publish|Any CPU.Build.0 = Debug|Any CPU
		{7985819A-B9E5-4324-9F21-C8E45DD1245C}.Release|Any CPU.ActiveCfg = Release|Any CPU
		{7985819A-B9E5-4324-9F21-C8E45DD1245C}.Release|Any CPU.Build.0 = Release|Any CPU
		{571E26E7-47FA-44CA-980F-483E1C4B316A}.Debug|Any CPU.ActiveCfg = Debug|Any CPU
		{571E26E7-47FA-44CA-980F-483E1C4B316A}.Debug|Any CPU.Build.0 = Debug|Any CPU
		{571E26E7-47FA-44CA-980F-483E1C4B316A}.Publish|Any CPU.ActiveCfg = Debug|Any CPU
		{571E26E7-47FA-44CA-980F-483E1C4B316A}.Publish|Any CPU.Build.0 = Debug|Any CPU
		{571E26E7-47FA-44CA-980F-483E1C4B316A}.Release|Any CPU.ActiveCfg = Release|Any CPU
		{571E26E7-47FA-44CA-980F-483E1C4B316A}.Release|Any CPU.Build.0 = Release|Any CPU
		{987A9190-B29C-4C60-B9F5-57CA489C2335}.Debug|Any CPU.ActiveCfg = Debug|Any CPU
		{987A9190-B29C-4C60-B9F5-57CA489C2335}.Debug|Any CPU.Build.0 = Debug|Any CPU
		{987A9190-B29C-4C60-B9F5-57CA489C2335}.Publish|Any CPU.ActiveCfg = Debug|Any CPU
		{987A9190-B29C-4C60-B9F5-57CA489C2335}.Publish|Any CPU.Build.0 = Debug|Any CPU
		{987A9190-B29C-4C60-B9F5-57CA489C2335}.Release|Any CPU.ActiveCfg = Release|Any CPU
		{987A9190-B29C-4C60-B9F5-57CA489C2335}.Release|Any CPU.Build.0 = Release|Any CPU
		{6ABC1579-1F9D-45A3-B361-09E9E159B35E}.Debug|Any CPU.ActiveCfg = Debug|Any CPU
		{6ABC1579-1F9D-45A3-B361-09E9E159B35E}.Debug|Any CPU.Build.0 = Debug|Any CPU
		{6ABC1579-1F9D-45A3-B361-09E9E159B35E}.Publish|Any CPU.ActiveCfg = Release|Any CPU
		{6ABC1579-1F9D-45A3-B361-09E9E159B35E}.Publish|Any CPU.Build.0 = Release|Any CPU
		{6ABC1579-1F9D-45A3-B361-09E9E159B35E}.Release|Any CPU.ActiveCfg = Release|Any CPU
		{6ABC1579-1F9D-45A3-B361-09E9E159B35E}.Release|Any CPU.Build.0 = Release|Any CPU
		{53647382-2946-4094-8707-B481C0196095}.Debug|Any CPU.ActiveCfg = Debug|Any CPU
		{53647382-2946-4094-8707-B481C0196095}.Debug|Any CPU.Build.0 = Debug|Any CPU
		{53647382-2946-4094-8707-B481C0196095}.Publish|Any CPU.ActiveCfg = Release|Any CPU
		{53647382-2946-4094-8707-B481C0196095}.Publish|Any CPU.Build.0 = Release|Any CPU
		{53647382-2946-4094-8707-B481C0196095}.Release|Any CPU.ActiveCfg = Release|Any CPU
		{53647382-2946-4094-8707-B481C0196095}.Release|Any CPU.Build.0 = Release|Any CPU
		{80B084E5-C64C-473E-827C-C0FB7DA97895}.Debug|Any CPU.ActiveCfg = Debug|Any CPU
		{80B084E5-C64C-473E-827C-C0FB7DA97895}.Debug|Any CPU.Build.0 = Debug|Any CPU
		{80B084E5-C64C-473E-827C-C0FB7DA97895}.Publish|Any CPU.ActiveCfg = Release|Any CPU
		{80B084E5-C64C-473E-827C-C0FB7DA97895}.Publish|Any CPU.Build.0 = Release|Any CPU
		{80B084E5-C64C-473E-827C-C0FB7DA97895}.Release|Any CPU.ActiveCfg = Release|Any CPU
		{80B084E5-C64C-473E-827C-C0FB7DA97895}.Release|Any CPU.Build.0 = Release|Any CPU
		{70F30D48-204C-45AE-B39A-C39A910FF68A}.Debug|Any CPU.ActiveCfg = Debug|Any CPU
		{70F30D48-204C-45AE-B39A-C39A910FF68A}.Debug|Any CPU.Build.0 = Debug|Any CPU
		{70F30D48-204C-45AE-B39A-C39A910FF68A}.Publish|Any CPU.ActiveCfg = Release|Any CPU
		{70F30D48-204C-45AE-B39A-C39A910FF68A}.Publish|Any CPU.Build.0 = Release|Any CPU
		{70F30D48-204C-45AE-B39A-C39A910FF68A}.Release|Any CPU.ActiveCfg = Release|Any CPU
		{70F30D48-204C-45AE-B39A-C39A910FF68A}.Release|Any CPU.Build.0 = Release|Any CPU
		{5FB3C7FE-6B5B-4A1F-969D-237390F06B38}.Debug|Any CPU.ActiveCfg = Debug|Any CPU
		{5FB3C7FE-6B5B-4A1F-969D-237390F06B38}.Debug|Any CPU.Build.0 = Debug|Any CPU
		{5FB3C7FE-6B5B-4A1F-969D-237390F06B38}.Publish|Any CPU.ActiveCfg = Debug|Any CPU
		{5FB3C7FE-6B5B-4A1F-969D-237390F06B38}.Publish|Any CPU.Build.0 = Debug|Any CPU
		{5FB3C7FE-6B5B-4A1F-969D-237390F06B38}.Release|Any CPU.ActiveCfg = Release|Any CPU
		{5FB3C7FE-6B5B-4A1F-969D-237390F06B38}.Release|Any CPU.Build.0 = Release|Any CPU
		{AAB9E058-6E73-44BF-8FFC-B09696BADF2A}.Debug|Any CPU.ActiveCfg = Debug|Any CPU
		{AAB9E058-6E73-44BF-8FFC-B09696BADF2A}.Debug|Any CPU.Build.0 = Debug|Any CPU
		{AAB9E058-6E73-44BF-8FFC-B09696BADF2A}.Publish|Any CPU.ActiveCfg = Debug|Any CPU
		{AAB9E058-6E73-44BF-8FFC-B09696BADF2A}.Publish|Any CPU.Build.0 = Debug|Any CPU
		{AAB9E058-6E73-44BF-8FFC-B09696BADF2A}.Release|Any CPU.ActiveCfg = Release|Any CPU
		{AAB9E058-6E73-44BF-8FFC-B09696BADF2A}.Release|Any CPU.Build.0 = Release|Any CPU
		{8A2FC390-59E2-47B5-9BD3-9BE03EB5C60F}.Debug|Any CPU.ActiveCfg = Debug|Any CPU
		{8A2FC390-59E2-47B5-9BD3-9BE03EB5C60F}.Debug|Any CPU.Build.0 = Debug|Any CPU
		{8A2FC390-59E2-47B5-9BD3-9BE03EB5C60F}.Publish|Any CPU.ActiveCfg = Debug|Any CPU
		{8A2FC390-59E2-47B5-9BD3-9BE03EB5C60F}.Publish|Any CPU.Build.0 = Debug|Any CPU
		{8A2FC390-59E2-47B5-9BD3-9BE03EB5C60F}.Release|Any CPU.ActiveCfg = Release|Any CPU
		{8A2FC390-59E2-47B5-9BD3-9BE03EB5C60F}.Release|Any CPU.Build.0 = Release|Any CPU
		{1F5351C6-8E57-43B0-AB6D-999DECF395BD}.Debug|Any CPU.ActiveCfg = Debug|Any CPU
		{1F5351C6-8E57-43B0-AB6D-999DECF395BD}.Debug|Any CPU.Build.0 = Debug|Any CPU
		{1F5351C6-8E57-43B0-AB6D-999DECF395BD}.Publish|Any CPU.ActiveCfg = Debug|Any CPU
		{1F5351C6-8E57-43B0-AB6D-999DECF395BD}.Publish|Any CPU.Build.0 = Debug|Any CPU
		{1F5351C6-8E57-43B0-AB6D-999DECF395BD}.Release|Any CPU.ActiveCfg = Release|Any CPU
		{1F5351C6-8E57-43B0-AB6D-999DECF395BD}.Release|Any CPU.Build.0 = Release|Any CPU
		{61E3E737-6738-4A06-A122-67844CBCD94D}.Debug|Any CPU.ActiveCfg = Debug|Any CPU
		{61E3E737-6738-4A06-A122-67844CBCD94D}.Debug|Any CPU.Build.0 = Debug|Any CPU
		{61E3E737-6738-4A06-A122-67844CBCD94D}.Publish|Any CPU.ActiveCfg = Debug|Any CPU
		{61E3E737-6738-4A06-A122-67844CBCD94D}.Publish|Any CPU.Build.0 = Debug|Any CPU
		{61E3E737-6738-4A06-A122-67844CBCD94D}.Release|Any CPU.ActiveCfg = Release|Any CPU
		{61E3E737-6738-4A06-A122-67844CBCD94D}.Release|Any CPU.Build.0 = Release|Any CPU
		{FBBD830F-295A-431A-A767-3E5C0CAAC96A}.Debug|Any CPU.ActiveCfg = Debug|Any CPU
		{FBBD830F-295A-431A-A767-3E5C0CAAC96A}.Debug|Any CPU.Build.0 = Debug|Any CPU
		{FBBD830F-295A-431A-A767-3E5C0CAAC96A}.Publish|Any CPU.ActiveCfg = Debug|Any CPU
		{FBBD830F-295A-431A-A767-3E5C0CAAC96A}.Publish|Any CPU.Build.0 = Debug|Any CPU
		{FBBD830F-295A-431A-A767-3E5C0CAAC96A}.Release|Any CPU.ActiveCfg = Release|Any CPU
		{FBBD830F-295A-431A-A767-3E5C0CAAC96A}.Release|Any CPU.Build.0 = Release|Any CPU
		{1D9ED487-BC1C-4E99-BB68-D11D0154501F}.Debug|Any CPU.ActiveCfg = Debug|Any CPU
		{1D9ED487-BC1C-4E99-BB68-D11D0154501F}.Debug|Any CPU.Build.0 = Debug|Any CPU
		{1D9ED487-BC1C-4E99-BB68-D11D0154501F}.Publish|Any CPU.ActiveCfg = Debug|Any CPU
		{1D9ED487-BC1C-4E99-BB68-D11D0154501F}.Publish|Any CPU.Build.0 = Debug|Any CPU
		{1D9ED487-BC1C-4E99-BB68-D11D0154501F}.Release|Any CPU.ActiveCfg = Release|Any CPU
		{1D9ED487-BC1C-4E99-BB68-D11D0154501F}.Release|Any CPU.Build.0 = Release|Any CPU
		{D92C05E8-F943-4A4A-BEC9-C8707C203904}.Debug|Any CPU.ActiveCfg = Debug|Any CPU
		{D92C05E8-F943-4A4A-BEC9-C8707C203904}.Debug|Any CPU.Build.0 = Debug|Any CPU
		{D92C05E8-F943-4A4A-BEC9-C8707C203904}.Publish|Any CPU.ActiveCfg = Debug|Any CPU
		{D92C05E8-F943-4A4A-BEC9-C8707C203904}.Publish|Any CPU.Build.0 = Debug|Any CPU
		{D92C05E8-F943-4A4A-BEC9-C8707C203904}.Release|Any CPU.ActiveCfg = Release|Any CPU
		{D92C05E8-F943-4A4A-BEC9-C8707C203904}.Release|Any CPU.Build.0 = Release|Any CPU
	EndGlobalSection
	GlobalSection(SolutionProperties) = preSolution
		HideSolutionNode = FALSE
	EndGlobalSection
	GlobalSection(NestedProjects) = preSolution
		{1E893C01-30A6-4507-B6A2-C058FB1AB650} = {D4460E03-6678-477D-B13C-7870EDD82671}
		{7985819A-B9E5-4324-9F21-C8E45DD1245C} = {24DA4DEF-D3AD-4D2B-8526-513082EBB3DF}
		{571E26E7-47FA-44CA-980F-483E1C4B316A} = {24DA4DEF-D3AD-4D2B-8526-513082EBB3DF}
		{987A9190-B29C-4C60-B9F5-57CA489C2335} = {24DA4DEF-D3AD-4D2B-8526-513082EBB3DF}
		{6ABC1579-1F9D-45A3-B361-09E9E159B35E} = {D7FBA9F4-51F7-4DEA-B08C-1CB6E379010B}
		{53647382-2946-4094-8707-B481C0196095} = {FF5008BD-2970-41F9-8F1E-61F2DEC9AED5}
		{80B084E5-C64C-473E-827C-C0FB7DA97895} = {FF5008BD-2970-41F9-8F1E-61F2DEC9AED5}
		{70F30D48-204C-45AE-B39A-C39A910FF68A} = {F7F3832D-1C01-4B76-A055-072964D03A2B}
		{5FB3C7FE-6B5B-4A1F-969D-237390F06B38} = {F7F3832D-1C01-4B76-A055-072964D03A2B}
		{AAB9E058-6E73-44BF-8FFC-B09696BADF2A} = {FF5008BD-2970-41F9-8F1E-61F2DEC9AED5}
		{8A2FC390-59E2-47B5-9BD3-9BE03EB5C60F} = {D7FBA9F4-51F7-4DEA-B08C-1CB6E379010B}
		{1F5351C6-8E57-43B0-AB6D-999DECF395BD} = {FF5008BD-2970-41F9-8F1E-61F2DEC9AED5}
		{61E3E737-6738-4A06-A122-67844CBCD94D} = {7EABCC9F-BAB5-4394-8B76-433A33055F59}
		{FBBD830F-295A-431A-A767-3E5C0CAAC96A} = {7EABCC9F-BAB5-4394-8B76-433A33055F59}
		{1D9ED487-BC1C-4E99-BB68-D11D0154501F} = {D4460E03-6678-477D-B13C-7870EDD82671}
		{D92C05E8-F943-4A4A-BEC9-C8707C203904} = {FF5008BD-2970-41F9-8F1E-61F2DEC9AED5}
	EndGlobalSection
	GlobalSection(ExtensibilityGlobals) = postSolution
		SolutionGuid = {8B68A6F2-AE7F-4585-941D-282839D6E440}
	EndGlobalSection
EndGlobal
